
Microsoft Visual Studio Solution File, Format Version 12.00
# Visual Studio 15
VisualStudioVersion = 15.0.28307.645
MinimumVisualStudioVersion = 10.0.40219.1
Project("{FAE04EC0-301F-11D3-BF4B-00C04F79EFBC}") = "Examen2Parcial", "Examen2Parcial\Examen2Parcial.csproj", "{68CF5891-6CC9-4C53-B5F0-A2EBA6708ED6}"
EndProject
Global
	GlobalSection(SolutionConfigurationPlatforms) = preSolution
		Debug|Any CPU = Debug|Any CPU
		Release|Any CPU = Release|Any CPU
	EndGlobalSection
	GlobalSection(ProjectConfigurationPlatforms) = postSolution
		{68CF5891-6CC9-4C53-B5F0-A2EBA6708ED6}.Debug|Any CPU.ActiveCfg = Debug|Any CPU
		{68CF5891-6CC9-4C53-B5F0-A2EBA6708ED6}.Debug|Any CPU.Build.0 = Debug|Any CPU
		{68CF5891-6CC9-4C53-B5F0-A2EBA6708ED6}.Release|Any CPU.ActiveCfg = Release|Any CPU
		{68CF5891-6CC9-4C53-B5F0-A2EBA6708ED6}.Release|Any CPU.Build.0 = Release|Any CPU
	EndGlobalSection
	GlobalSection(SolutionProperties) = preSolution
		HideSolutionNode = FALSE
	EndGlobalSection
	GlobalSection(ExtensibilityGlobals) = postSolution
		SolutionGuid = {7C0DA82F-CD13-4D8B-8660-90D5476CC6DB}
	EndGlobalSection
EndGlobal
